
Microsoft Visual Studio Solution File, Format Version 12.00
# Visual Studio 2017
Project("{FAE04EC0-301F-11D3-BF4B-00C04F79EFBC}") = "VRApartment", "VRApartment.csproj", "{11C92CF6-4B95-070D-9CE3-B96E1B58D4FA}"
EndProject
Project("{FAE04EC0-301F-11D3-BF4B-00C04F79EFBC}") = "VRApartment.Editor", "VRApartment.Editor.csproj", "{4D10AC6F-4A8A-3DEB-257A-0000BED49103}"
EndProject
Global
	GlobalSection(SolutionConfigurationPlatforms) = preSolution
		Debug|Any CPU = Debug|Any CPU
		Release|Any CPU = Release|Any CPU
	EndGlobalSection
	GlobalSection(ProjectConfigurationPlatforms) = postSolution
		{11C92CF6-4B95-070D-9CE3-B96E1B58D4FA}.Debug|Any CPU.ActiveCfg = Debug|Any CPU
		{11C92CF6-4B95-070D-9CE3-B96E1B58D4FA}.Debug|Any CPU.Build.0 = Debug|Any CPU
		{11C92CF6-4B95-070D-9CE3-B96E1B58D4FA}.Release|Any CPU.ActiveCfg = Release|Any CPU
		{11C92CF6-4B95-070D-9CE3-B96E1B58D4FA}.Release|Any CPU.Build.0 = Release|Any CPU
		{4D10AC6F-4A8A-3DEB-257A-0000BED49103}.Debug|Any CPU.ActiveCfg = Debug|Any CPU
		{4D10AC6F-4A8A-3DEB-257A-0000BED49103}.Debug|Any CPU.Build.0 = Debug|Any CPU
		{4D10AC6F-4A8A-3DEB-257A-0000BED49103}.Release|Any CPU.ActiveCfg = Release|Any CPU
		{4D10AC6F-4A8A-3DEB-257A-0000BED49103}.Release|Any CPU.Build.0 = Release|Any CPU
	EndGlobalSection
	GlobalSection(SolutionProperties) = preSolution
		HideSolutionNode = FALSE
	EndGlobalSection
EndGlobal
