
Microsoft Visual Studio Solution File, Format Version 11.00
# Visual Studio 2010
Project("{FAE04EC0-301F-11D3-BF4B-00C04F79EFBC}") = "VRApartment", "Assembly-CSharp.csproj", "{65EA85D6-F9CB-71F9-74AB-28497C7C3490}"
EndProject
Project("{FAE04EC0-301F-11D3-BF4B-00C04F79EFBC}") = "VRApartment", "Assembly-CSharp-Editor.csproj", "{635FF9A5-3B18-5BF9-78DD-16D041025090}"
EndProject
Global
	GlobalSection(SolutionConfigurationPlatforms) = preSolution
		Debug|Any CPU = Debug|Any CPU
		Release|Any CPU = Release|Any CPU
	EndGlobalSection
	GlobalSection(ProjectConfigurationPlatforms) = postSolution
		{65EA85D6-F9CB-71F9-74AB-28497C7C3490}.Debug|Any CPU.ActiveCfg = Debug|Any CPU
		{65EA85D6-F9CB-71F9-74AB-28497C7C3490}.Debug|Any CPU.Build.0 = Debug|Any CPU
		{65EA85D6-F9CB-71F9-74AB-28497C7C3490}.Release|Any CPU.ActiveCfg = Release|Any CPU
		{65EA85D6-F9CB-71F9-74AB-28497C7C3490}.Release|Any CPU.Build.0 = Release|Any CPU
		{635FF9A5-3B18-5BF9-78DD-16D041025090}.Debug|Any CPU.ActiveCfg = Debug|Any CPU
		{635FF9A5-3B18-5BF9-78DD-16D041025090}.Debug|Any CPU.Build.0 = Debug|Any CPU
		{635FF9A5-3B18-5BF9-78DD-16D041025090}.Release|Any CPU.ActiveCfg = Release|Any CPU
		{635FF9A5-3B18-5BF9-78DD-16D041025090}.Release|Any CPU.Build.0 = Release|Any CPU
	EndGlobalSection
	GlobalSection(SolutionProperties) = preSolution
		HideSolutionNode = FALSE
	EndGlobalSection
	GlobalSection(MonoDevelopProperties) = preSolution
		StartupItem = Assembly-CSharp.csproj
	EndGlobalSection
EndGlobal
